
Microsoft Visual Studio Solution File, Format Version 12.00
# Visual Studio Version 16
VisualStudioVersion = 16.0.29728.190
MinimumVisualStudioVersion = 10.0.40219.1
Project("{FAE04EC0-301F-11D3-BF4B-00C04F79EFBC}") = "HangMan", "HangMan\HangMan.csproj", "{01FCE5B2-7557-4DC7-9DB0-841CB94F2EB4}"
EndProject
Project("{FAE04EC0-301F-11D3-BF4B-00C04F79EFBC}") = "HangMan_Repository", "HangMan_Repository\HangMan_Repository.csproj", "{56F2C5A9-2F1F-467B-AE76-F7E7110AB641}"
EndProject
Project("{FAE04EC0-301F-11D3-BF4B-00C04F79EFBC}") = "HangManConsoleUI", "HangManConsoleUI\HangManConsoleUI.csproj", "{BBBD3B16-A0BF-4287-B533-44E33DD7941E}"
EndProject
Global
	GlobalSection(SolutionConfigurationPlatforms) = preSolution
		Debug|Any CPU = Debug|Any CPU
		Release|Any CPU = Release|Any CPU
	EndGlobalSection
	GlobalSection(ProjectConfigurationPlatforms) = postSolution
		{01FCE5B2-7557-4DC7-9DB0-841CB94F2EB4}.Debug|Any CPU.ActiveCfg = Debug|Any CPU
		{01FCE5B2-7557-4DC7-9DB0-841CB94F2EB4}.Debug|Any CPU.Build.0 = Debug|Any CPU
		{01FCE5B2-7557-4DC7-9DB0-841CB94F2EB4}.Release|Any CPU.ActiveCfg = Release|Any CPU
		{01FCE5B2-7557-4DC7-9DB0-841CB94F2EB4}.Release|Any CPU.Build.0 = Release|Any CPU
		{56F2C5A9-2F1F-467B-AE76-F7E7110AB641}.Debug|Any CPU.ActiveCfg = Debug|Any CPU
		{56F2C5A9-2F1F-467B-AE76-F7E7110AB641}.Debug|Any CPU.Build.0 = Debug|Any CPU
		{56F2C5A9-2F1F-467B-AE76-F7E7110AB641}.Release|Any CPU.ActiveCfg = Release|Any CPU
		{56F2C5A9-2F1F-467B-AE76-F7E7110AB641}.Release|Any CPU.Build.0 = Release|Any CPU
		{BBBD3B16-A0BF-4287-B533-44E33DD7941E}.Debug|Any CPU.ActiveCfg = Debug|Any CPU
		{BBBD3B16-A0BF-4287-B533-44E33DD7941E}.Debug|Any CPU.Build.0 = Debug|Any CPU
		{BBBD3B16-A0BF-4287-B533-44E33DD7941E}.Release|Any CPU.ActiveCfg = Release|Any CPU
		{BBBD3B16-A0BF-4287-B533-44E33DD7941E}.Release|Any CPU.Build.0 = Release|Any CPU
	EndGlobalSection
	GlobalSection(SolutionProperties) = preSolution
		HideSolutionNode = FALSE
	EndGlobalSection
	GlobalSection(ExtensibilityGlobals) = postSolution
		SolutionGuid = {0072EE37-9305-43AD-B339-F37FE51D4EAB}
	EndGlobalSection
EndGlobal
